// !$*UTF8*$!
{
	archiveVersion = 1;
	classes = {
	};
	objectVersion = 48;
	objects = {

/* Begin PBXBuildFile section */
		9AD5B75620ABF90F001FB00C /* AppDelegate.swift in Sources */ = {isa = PBXBuildFile; fileRef = 9AD5B75520ABF90F001FB00C /* AppDelegate.swift */; };
		9AD5B75820ABF90F001FB00C /* ViewController.swift in Sources */ = {isa = PBXBuildFile; fileRef = 9AD5B75720ABF90F001FB00C /* ViewController.swift */; };
		9AD5B75B20ABF90F001FB00C /* Main.storyboard in Resources */ = {isa = PBXBuildFile; fileRef = 9AD5B75920ABF90F001FB00C /* Main.storyboard */; };
		9AD5B75D20ABF90F001FB00C /* Assets.xcassets in Resources */ = {isa = PBXBuildFile; fileRef = 9AD5B75C20ABF90F001FB00C /* Assets.xcassets */; };
		9AD5B76020ABF90F001FB00C /* LaunchScreen.storyboard in Resources */ = {isa = PBXBuildFile; fileRef = 9AD5B75E20ABF90F001FB00C /* LaunchScreen.storyboard */; };
		9AE4965720B5293C006134B1 /* MarsHabitatPricer.mlmodel in Sources */ = {isa = PBXBuildFile; fileRef = 9AE4965620B5293C006134B1 /* MarsHabitatPricer.mlmodel */; };
/* End PBXBuildFile section */

/* Begin PBXFileReference section */
		9AD5B75220ABF90F001FB00C /* MarV1.app */ = {isa = PBXFileReference; explicitFileType = wrapper.application; includeInIndex = 0; path = MarV1.app; sourceTree = BUILT_PRODUCTS_DIR; };
		9AD5B75520ABF90F001FB00C /* AppDelegate.swift */ = {isa = PBXFileReference; lastKnownFileType = sourcecode.swift; path = AppDelegate.swift; sourceTree = "<group>"; };
		9AD5B75720ABF90F001FB00C /* ViewController.swift */ = {isa = PBXFileReference; lastKnownFileType = sourcecode.swift; path = ViewController.swift; sourceTree = "<group>"; };
		9AD5B75A20ABF90F001FB00C /* Base */ = {isa = PBXFileReference; lastKnownFileType = file.storyboard; name = Base; path = Base.lproj/Main.storyboard; sourceTree = "<group>"; };
		9AD5B75C20ABF90F001FB00C /* Assets.xcassets */ = {isa = PBXFileReference; lastKnownFileType = folder.assetcatalog; path = Assets.xcassets; sourceTree = "<group>"; };
		9AD5B75F20ABF90F001FB00C /* Base */ = {isa = PBXFileReference; lastKnownFileType = file.storyboard; name = Base; path = Base.lproj/LaunchScreen.storyboard; sourceTree = "<group>"; };
		9AD5B76120ABF90F001FB00C /* Info.plist */ = {isa = PBXFileReference; lastKnownFileType = text.plist.xml; path = Info.plist; sourceTree = "<group>"; };
		9AE4965620B5293C006134B1 /* MarsHabitatPricer.mlmodel */ = {isa = PBXFileReference; lastKnownFileType = file.mlmodel; path = MarsHabitatPricer.mlmodel; sourceTree = SOURCE_ROOT; };
/* End PBXFileReference section */

/* Begin PBXFrameworksBuildPhase section */
		9AD5B74F20ABF90F001FB00C /* Frameworks */ = {
			isa = PBXFrameworksBuildPhase;
			buildActionMask = 2147483647;
			files = (
			);
			runOnlyForDeploymentPostprocessing = 0;
		};
/* End PBXFrameworksBuildPhase section */

/* Begin PBXGroup section */
		9AD5B74920ABF90F001FB00C = {
			isa = PBXGroup;
			children = (
				9AD5B75420ABF90F001FB00C /* MarV1 */,
				9AD5B75320ABF90F001FB00C /* Products */,
			);
			sourceTree = "<group>";
		};
		9AD5B75320ABF90F001FB00C /* Products */ = {
			isa = PBXGroup;
			children = (
				9AD5B75220ABF90F001FB00C /* MarV1.app */,
			);
			name = Products;
			sourceTree = "<group>";
		};
		9AD5B75420ABF90F001FB00C /* MarV1 */ = {
			isa = PBXGroup;
			children = (
				9AE4965620B5293C006134B1 /* MarsHabitatPricer.mlmodel */,
				9AD5B75520ABF90F001FB00C /* AppDelegate.swift */,
				9AD5B75720ABF90F001FB00C /* ViewController.swift */,
				9AD5B75920ABF90F001FB00C /* Main.storyboard */,
				9AD5B75C20ABF90F001FB00C /* Assets.xcassets */,
				9AD5B75E20ABF90F001FB00C /* LaunchScreen.storyboard */,
				9AD5B76120ABF90F001FB00C /* Info.plist */,
			);
			path = MarV1;
			sourceTree = "<group>";
		};
/* End PBXGroup section */

/* Begin PBXNativeTarget section */
		9AD5B75120ABF90F001FB00C /* MarV1 */ = {
			isa = PBXNativeTarget;
			buildConfigurationList = 9AD5B76420ABF90F001FB00C /* Build configuration list for PBXNativeTarget "MarV1" */;
			buildPhases = (
				9AD5B74E20ABF90F001FB00C /* Sources */,
				9AD5B74F20ABF90F001FB00C /* Frameworks */,
				9AD5B75020ABF90F001FB00C /* Resources */,
			);
			buildRules = (
			);
			dependencies = (
			);
			name = MarV1;
			productName = MarV1;
			productReference = 9AD5B75220ABF90F001FB00C /* MarV1.app */;
			productType = "com.apple.product-type.application";
		};
/* End PBXNativeTarget section */

/* Begin PBXProject section */
		9AD5B74A20ABF90F001FB00C /* Project object */ = {
			isa = PBXProject;
			attributes = {
				LastSwiftUpdateCheck = 0920;
				LastUpgradeCheck = 0920;
				ORGANIZATIONNAME = NF;
				TargetAttributes = {
					9AD5B75120ABF90F001FB00C = {
						CreatedOnToolsVersion = 9.2;
						ProvisioningStyle = Automatic;
					};
				};
			};
			buildConfigurationList = 9AD5B74D20ABF90F001FB00C /* Build configuration list for PBXProject "MarV1" */;
			compatibilityVersion = "Xcode 8.0";
			developmentRegion = en;
			hasScannedForEncodings = 0;
			knownRegions = (
				en,
				Base,
			);
			mainGroup = 9AD5B74920ABF90F001FB00C;
			productRefGroup = 9AD5B75320ABF90F001FB00C /* Products */;
			projectDirPath = "";
			projectRoot = "";
			targets = (
				9AD5B75120ABF90F001FB00C /* MarV1 */,
			);
		};
/* End PBXProject section */

/* Begin PBXResourcesBuildPhase section */
		9AD5B75020ABF90F001FB00C /* Resources */ = {
			isa = PBXResourcesBuildPhase;
			buildActionMask = 2147483647;
			files = (
				9AD5B76020ABF90F001FB00C /* LaunchScreen.storyboard in Resources */,
				9AD5B75D20ABF90F001FB00C /* Assets.xcassets in Resources */,
				9AD5B75B20ABF90F001FB00C /* Main.storyboard in Resources */,
			);
			runOnlyForDeploymentPostprocessing = 0;
		};
/* End PBXResourcesBuildPhase section */

/* Begin PBXSourcesBuildPhase section */
		9AD5B74E20ABF90F001FB00C /* Sources */ = {
			isa = PBXSourcesBuildPhase;
			buildActionMask = 2147483647;
			files = (
				9AD5B75820ABF90F001FB00C /* ViewController.swift in Sources */,
				9AD5B75620ABF90F001FB00C /* AppDelegate.swift in Sources */,
				9AE4965720B5293C006134B1 /* MarsHabitatPricer.mlmodel in Sources */,
			);
			runOnlyForDeploymentPostprocessing = 0;
		};
/* End PBXSourcesBuildPhase section */

/* Begin PBXVariantGroup section */
		9AD5B75920ABF90F001FB00C /* Main.storyboard */ = {
			isa = PBXVariantGroup;
			children = (
				9AD5B75A20ABF90F001FB00C /* Base */,
			);
			name = Main.storyboard;
			sourceTree = "<group>";
		};
		9AD5B75E20ABF90F001FB00C /* LaunchScreen.storyboard */ = {
			isa = PBXVariantGroup;
			children = (
				9AD5B75F20ABF90F001FB00C /* Base */,
			);
			name = LaunchScreen.storyboard;
			sourceTree = "<group>";
		};
/* End PBXVariantGroup section */

/* Begin XCBuildConfiguration section */
		9AD5B76220ABF90F001FB00C /* Debug */ = {
			isa = XCBuildConfiguration;
			buildSettings = {
				ALWAYS_SEARCH_USER_PATHS = NO;
				CLANG_ANALYZER_NONNULL = YES;
				CLANG_ANALYZER_NUMBER_OBJECT_CONVERSION = YES_AGGRESSIVE;
				CLANG_CXX_LANGUAGE_STANDARD = "gnu++14";
				CLANG_CXX_LIBRARY = "libc++";
				CLANG_ENABLE_MODULES = YES;
				CLANG_ENABLE_OBJC_ARC = YES;
				CLANG_WARN_BLOCK_CAPTURE_AUTORELEASING = YES;
				CLANG_WARN_BOOL_CONVERSION = YES;
				CLANG_WARN_COMMA = YES;
				CLANG_WARN_CONSTANT_CONVERSION = YES;
				CLANG_WARN_DIRECT_OBJC_ISA_USAGE = YES_ERROR;
				CLANG_WARN_DOCUMENTATION_COMMENTS = YES;
				CLANG_WARN_EMPTY_BODY = YES;
				CLANG_WARN_ENUM_CONVERSION = YES;
				CLANG_WARN_INFINITE_RECURSION = YES;
				CLANG_WARN_INT_CONVERSION = YES;
				CLANG_WARN_NON_LITERAL_NULL_CONVERSION = YES;
				CLANG_WARN_OBJC_LITERAL_CONVERSION = YES;
				CLANG_WARN_OBJC_ROOT_CLASS = YES_ERROR;
				CLANG_WARN_RANGE_LOOP_ANALYSIS = YES;
				CLANG_WARN_STRICT_PROTOTYPES = YES;
				CLANG_WARN_SUSPICIOUS_MOVE = YES;
				CLANG_WARN_UNGUARDED_AVAILABILITY = YES_AGGRESSIVE;
				CLANG_WARN_UNREACHABLE_CODE = YES;
				CLANG_WARN__DUPLICATE_METHOD_MATCH = YES;
				CODE_SIGN_IDENTITY = "iPhone Developer";
				COPY_PHASE_STRIP = NO;
				DEBUG_INFORMATION_FORMAT = dwarf;
				ENABLE_STRICT_OBJC_MSGSEND = YES;
				ENABLE_TESTABILITY = YES;
				GCC_C_LANGUAGE_STANDARD = gnu11;
				GCC_DYNAMIC_NO_PIC = NO;
				GCC_NO_COMMON_BLOCKS = YES;
				GCC_OPTIMIZATION_LEVEL = 0;
				GCC_PREPROCESSOR_DEFINITIONS = (
					"DEBUG=1",
					"$(inherited)",
				);
				GCC_WARN_64_TO_32_BIT_CONVERSION = YES;
				GCC_WARN_ABOUT_RETURN_TYPE = YES_ERROR;
				GCC_WARN_UNDECLARED_SELECTOR = YES;
				GCC_WARN_UNINITIALIZED_AUTOS = YES_AGGRESSIVE;
				GCC_WARN_UNUSED_FUNCTION = YES;
				GCC_WARN_UNUSED_VARIABLE = YES;
				IPHONEOS_DEPLOYMENT_TARGET = 11.2;
				MTL_ENABLE_DEBUG_INFO = YES;
				ONLY_ACTIVE_ARCH = YES;
				SDKROOT = iphoneos;
				SWIFT_ACTIVE_COMPILATION_CONDITIONS = DEBUG;
				SWIFT_OPTIMIZATION_LEVEL = "-Onone";
			};
			name = Debug;
		};
		9AD5B76320ABF90F001FB00C /* Release */ = {
			isa = XCBuildConfiguration;
			buildSettings = {
				ALWAYS_SEARCH_USER_PATHS = NO;
				CLANG_ANALYZER_NONNULL = YES;
				CLANG_ANALYZER_NUMBER_OBJECT_CONVERSION = YES_AGGRESSIVE;
				CLANG_CXX_LANGUAGE_STANDARD = "gnu++14";
				CLANG_CXX_LIBRARY = "libc++";
				CLANG_ENABLE_MODULES = YES;
				CLANG_ENABLE_OBJC_ARC = YES;
				CLANG_WARN_BLOCK_CAPTURE_AUTORELEASING = YES;
				CLANG_WARN_BOOL_CONVERSION = YES;
				CLANG_WARN_COMMA = YES;
				CLANG_WARN_CONSTANT_CONVERSION = YES;
				CLANG_WARN_DIRECT_OBJC_ISA_USAGE = YES_ERROR;
				CLANG_WARN_DOCUMENTATION_COMMENTS = YES;
				CLANG_WARN_EMPTY_BODY = YES;
				CLANG_WARN_ENUM_CONVERSION = YES;
				CLANG_WARN_INFINITE_RECURSION = YES;
				CLANG_WARN_INT_CONVERSION = YES;
				CLANG_WARN_NON_LITERAL_NULL_CONVERSION = YES;
				CLANG_WARN_OBJC_LITERAL_CONVERSION = YES;
				CLANG_WARN_OBJC_ROOT_CLASS = YES_ERROR;
				CLANG_WARN_RANGE_LOOP_ANALYSIS = YES;
				CLANG_WARN_STRICT_PROTOTYPES = YES;
				CLANG_WARN_SUSPICIOUS_MOVE = YES;
				CLANG_WARN_UNGUARDED_AVAILABILITY = YES_AGGRESSIVE;
				CLANG_WARN_UNREACHABLE_CODE = YES;
				CLANG_WARN__DUPLICATE_METHOD_MATCH = YES;
				CODE_SIGN_IDENTITY = "iPhone Developer";
				COPY_PHASE_STRIP = NO;
				DEBUG_INFORMATION_FORMAT = "dwarf-with-dsym";
				ENABLE_NS_ASSERTIONS = NO;
				ENABLE_STRICT_OBJC_MSGSEND = YES;
				GCC_C_LANGUAGE_STANDARD = gnu11;
				GCC_NO_COMMON_BLOCKS = YES;
				GCC_WARN_64_TO_32_BIT_CONVERSION = YES;
				GCC_WARN_ABOUT_RETURN_TYPE = YES_ERROR;
				GCC_WARN_UNDECLARED_SELECTOR = YES;
				GCC_WARN_UNINITIALIZED_AUTOS = YES_AGGRESSIVE;
				GCC_WARN_UNUSED_FUNCTION = YES;
				GCC_WARN_UNUSED_VARIABLE = YES;
				IPHONEOS_DEPLOYMENT_TARGET = 11.2;
				MTL_ENABLE_DEBUG_INFO = NO;
				SDKROOT = iphoneos;
				SWIFT_OPTIMIZATION_LEVEL = "-Owholemodule";
				VALIDATE_PRODUCT = YES;
			};
			name = Release;
		};
		9AD5B76520ABF90F001FB00C /* Debug */ = {
			isa = XCBuildConfiguration;
			buildSettings = {
				ASSETCATALOG_COMPILER_APPICON_NAME = AppIcon;
				CODE_SIGN_STYLE = Automatic;
				DEVELOPMENT_TEAM = 3Y3Z2Z567H;
				INFOPLIST_FILE = MarV1/Info.plist;
				IPHONEOS_DEPLOYMENT_TARGET = 11.0;
				LD_RUNPATH_SEARCH_PATHS = "$(inherited) @executable_path/Frameworks";
				PRODUCT_BUNDLE_IDENTIFIER = kr.ac.sogang.minseokKang.MarV1;
				PRODUCT_NAME = "$(TARGET_NAME)";
				SWIFT_VERSION = 4.0;
				TARGETED_DEVICE_FAMILY = "1,2";
			};
			name = Debug;
		};
		9AD5B76620ABF90F001FB00C /* Release */ = {
			isa = XCBuildConfiguration;
			buildSettings = {
				ASSETCATALOG_COMPILER_APPICON_NAME = AppIcon;
				CODE_SIGN_STYLE = Automatic;
				DEVELOPMENT_TEAM = 3Y3Z2Z567H;
				INFOPLIST_FILE = MarV1/Info.plist;
				IPHONEOS_DEPLOYMENT_TARGET = 11.0;
				LD_RUNPATH_SEARCH_PATHS = "$(inherited) @executable_path/Frameworks";
				PRODUCT_BUNDLE_IDENTIFIER = kr.ac.sogang.minseokKang.MarV1;
				PRODUCT_NAME = "$(TARGET_NAME)";
				SWIFT_VERSION = 4.0;
				TARGETED_DEVICE_FAMILY = "1,2";
			};
			name = Release;
		};
/* End XCBuildConfiguration section */

/* Begin XCConfigurationList section */
		9AD5B74D20ABF90F001FB00C /* Build configuration list for PBXProject "MarV1" */ = {
			isa = XCConfigurationList;
			buildConfigurations = (
				9AD5B76220ABF90F001FB00C /* Debug */,
				9AD5B76320ABF90F001FB00C /* Release */,
			);
			defaultConfigurationIsVisible = 0;
			defaultConfigurationName = Release;
		};
		9AD5B76420ABF90F001FB00C /* Build configuration list for PBXNativeTarget "MarV1" */ = {
			isa = XCConfigurationList;
			buildConfigurations = (
				9AD5B76520ABF90F001FB00C /* Debug */,
				9AD5B76620ABF90F001FB00C /* Release */,
			);
			defaultConfigurationIsVisible = 0;
			defaultConfigurationName = Release;
		};
/* End XCConfigurationList section */
	};
	rootObject = 9AD5B74A20ABF90F001FB00C /* Project object */;
}
